
Microsoft Visual Studio Solution File, Format Version 12.00
# Visual Studio Version 17
VisualStudioVersion = 17.0.31903.59
MinimumVisualStudioVersion = 10.0.40219.1
Project("{2150E333-8FDC-42A3-9474-1A3956D46DE8}") = "src", "src", "{3DBD99A1-DDE0-4663-8FBA-C5F0BB357E1E}"
EndProject
Project("{FAE04EC0-301F-11D3-BF4B-00C04F79EFBC}") = "Strata.Abstractions", "src\Strata.Abstractions\Strata.Abstractions.csproj", "{DFC5FBDD-6341-4EF0-A30A-618E39141C6A}"
EndProject
Project("{FAE04EC0-301F-11D3-BF4B-00C04F79EFBC}") = "Strata.Core", "src\Strata.Core\Strata.Core.csproj", "{98C849B2-1233-478A-98DD-D0BA4511E66D}"
EndProject
Project("{2150E333-8FDC-42A3-9474-1A3956D46DE8}") = "tests", "tests", "{A57D711E-0B7C-46BC-878F-405D927C3976}"
EndProject
Project("{FAE04EC0-301F-11D3-BF4B-00C04F79EFBC}") = "Strata.Core.Tests", "tests\Strata.Core.Tests\Strata.Core.Tests.csproj", "{26374021-C989-437E-A5B1-4768EEBF0A1B}"
EndProject
Project("{FAE04EC0-301F-11D3-BF4B-00C04F79EFBC}") = "Strata.Adapters.PSObject", "src\Strata.Adapters.PSObject\Strata.Adapters.PSObject.csproj", "{656D2F73-1F98-435D-A169-C2535699D0AA}"
EndProject
Project("{FAE04EC0-301F-11D3-BF4B-00C04F79EFBC}") = "Strata.Adapters.JsonNode", "src\Strata.Adapters.JsonNode\Strata.Adapters.JsonNode.csproj", "{3E1343E1-67E1-41FD-A477-B6CFDF2DB0E8}"
EndProject
Project("{FAE04EC0-301F-11D3-BF4B-00C04F79EFBC}") = "Strata.Phase0.Tests", "tests\Strata.Phase0.Tests\Strata.Phase0.Tests.csproj", "{F30383AB-0B73-4368-8AB8-68B0075C55D5}"
EndProject
Project("{FAE04EC0-301F-11D3-BF4B-00C04F79EFBC}") = "Strata.Css", "src\Strata.Css\Strata.Css.csproj", "{EC3905F0-0E3F-4875-9642-CEB598990294}"
EndProject
Project("{FAE04EC0-301F-11D3-BF4B-00C04F79EFBC}") = "Strata.Css.Tests", "tests\Strata.Css.Tests\Strata.Css.Tests.csproj", "{36ABD40A-3512-443D-BACC-063EA55CA613}"
EndProject
Project("{FAE04EC0-301F-11D3-BF4B-00C04F79EFBC}") = "Strata.Properties.Styling", "src\Strata.Properties.Styling\Strata.Properties.Styling.csproj", "{C9C93362-AE72-47CE-AC97-182CBC63FD82}"
EndProject
Project("{FAE04EC0-301F-11D3-BF4B-00C04F79EFBC}") = "Strata.Render.Spectre", "src\Strata.Render.Spectre\Strata.Render.Spectre.csproj", "{A13AD39B-EC64-43F9-94E6-A66073186FA4}"
EndProject
Project("{FAE04EC0-301F-11D3-BF4B-00C04F79EFBC}") = "Strata.Render.Spectre.Tests", "tests\Strata.Render.Spectre.Tests\Strata.Render.Spectre.Tests.csproj", "{BD948832-DF53-44D6-AFA5-9B042726747B}"
EndProject
Project("{2150E333-8FDC-42A3-9474-1A3956D46DE8}") = "samples", "samples", "{5D20AA90-6969-D8BD-9DCD-8634F4692FDA}"
EndProject
Project("{FAE04EC0-301F-11D3-BF4B-00C04F79EFBC}") = "Strata.Demo.Spectre", "samples\Strata.Demo.Spectre\Strata.Demo.Spectre.csproj", "{BFE32CAF-6A26-4D6F-94F8-90EF950F45D7}"
EndProject
Project("{FAE04EC0-301F-11D3-BF4B-00C04F79EFBC}") = "Strata.Layout.Yoga", "src\Strata.Layout.Yoga\Strata.Layout.Yoga.csproj", "{14CE4234-91ED-4EF5-8E71-00D2FCD4E14C}"
EndProject
Project("{FAE04EC0-301F-11D3-BF4B-00C04F79EFBC}") = "Strata.Layout.Yoga.Tests", "tests\Strata.Layout.Yoga.Tests\Strata.Layout.Yoga.Tests.csproj", "{606C1E94-8626-491B-B7AA-7BF7F5BAB763}"
EndProject
Project("{FAE04EC0-301F-11D3-BF4B-00C04F79EFBC}") = "Strata.Interaction", "src\Strata.Interaction\Strata.Interaction.csproj", "{B8ABAA9D-B6E5-46CA-BFB7-BBD869279A36}"
EndProject
Project("{FAE04EC0-301F-11D3-BF4B-00C04F79EFBC}") = "Strata.Interaction.Tests", "tests\Strata.Interaction.Tests\Strata.Interaction.Tests.csproj", "{FBAA8EA8-BAE0-4622-BB52-C04E1EFC7094}"
EndProject
Project("{FAE04EC0-301F-11D3-BF4B-00C04F79EFBC}") = "Strata.Render.TerminalGui", "src\Strata.Render.TerminalGui\Strata.Render.TerminalGui.csproj", "{D5D5DBE9-D98C-41BC-9916-FD87BACA43CA}"
EndProject
Project("{FAE04EC0-301F-11D3-BF4B-00C04F79EFBC}") = "Strata.Render.TerminalGui.Tests", "tests\Strata.Render.TerminalGui.Tests\Strata.Render.TerminalGui.Tests.csproj", "{0A16BF3C-AAE4-4673-BA3C-91B91435CD2B}"
EndProject
Project("{FAE04EC0-301F-11D3-BF4B-00C04F79EFBC}") = "Strata.Demo.TerminalGui", "samples\Strata.Demo.TerminalGui\Strata.Demo.TerminalGui.csproj", "{ECDDFDF8-EAF2-4E39-B9AD-0A89322FBD0F}"
EndProject
Project("{FAE04EC0-301F-11D3-BF4B-00C04F79EFBC}") = "Strata.JsonPath", "src\Strata.JsonPath\Strata.JsonPath.csproj", "{F9152053-D805-43CB-8EDF-14C6B1E5231D}"
EndProject
Project("{FAE04EC0-301F-11D3-BF4B-00C04F79EFBC}") = "Strata.JsonPath.Tests", "tests\Strata.JsonPath.Tests\Strata.JsonPath.Tests.csproj", "{5B5A733B-3D80-480C-9ECC-FA28E8E3AAE4}"
EndProject
Project("{FAE04EC0-301F-11D3-BF4B-00C04F79EFBC}") = "Strata.Demo.RouterProjection", "samples\Strata.Demo.RouterProjection\Strata.Demo.RouterProjection.csproj", "{DF7E54BB-998E-4066-A78F-36C8B80381C5}"
EndProject
Project("{FAE04EC0-301F-11D3-BF4B-00C04F79EFBC}") = "Strata.Dsl", "src\Strata.Dsl\Strata.Dsl.csproj", "{6AE53D86-469A-49F6-BE89-7BB4AA43C9D1}"
EndProject
Project("{FAE04EC0-301F-11D3-BF4B-00C04F79EFBC}") = "Strata.Dsl.Tests", "tests\Strata.Dsl.Tests\Strata.Dsl.Tests.csproj", "{E4D43778-A00E-48F7-A68A-F776D062F1A6}"
EndProject
Global
	GlobalSection(SolutionConfigurationPlatforms) = preSolution
		Debug|Any CPU = Debug|Any CPU
		Debug|x64 = Debug|x64
		Debug|x86 = Debug|x86
		Release|Any CPU = Release|Any CPU
		Release|x64 = Release|x64
		Release|x86 = Release|x86
	EndGlobalSection
	GlobalSection(ProjectConfigurationPlatforms) = postSolution
		{DFC5FBDD-6341-4EF0-A30A-618E39141C6A}.Debug|Any CPU.ActiveCfg = Debug|Any CPU
		{DFC5FBDD-6341-4EF0-A30A-618E39141C6A}.Debug|Any CPU.Build.0 = Debug|Any CPU
		{DFC5FBDD-6341-4EF0-A30A-618E39141C6A}.Debug|x64.ActiveCfg = Debug|Any CPU
		{DFC5FBDD-6341-4EF0-A30A-618E39141C6A}.Debug|x64.Build.0 = Debug|Any CPU
		{DFC5FBDD-6341-4EF0-A30A-618E39141C6A}.Debug|x86.ActiveCfg = Debug|Any CPU
		{DFC5FBDD-6341-4EF0-A30A-618E39141C6A}.Debug|x86.Build.0 = Debug|Any CPU
		{DFC5FBDD-6341-4EF0-A30A-618E39141C6A}.Release|Any CPU.ActiveCfg = Release|Any CPU
		{DFC5FBDD-6341-4EF0-A30A-618E39141C6A}.Release|Any CPU.Build.0 = Release|Any CPU
		{DFC5FBDD-6341-4EF0-A30A-618E39141C6A}.Release|x64.ActiveCfg = Release|Any CPU
		{DFC5FBDD-6341-4EF0-A30A-618E39141C6A}.Release|x64.Build.0 = Release|Any CPU
		{DFC5FBDD-6341-4EF0-A30A-618E39141C6A}.Release|x86.ActiveCfg = Release|Any CPU
		{DFC5FBDD-6341-4EF0-A30A-618E39141C6A}.Release|x86.Build.0 = Release|Any CPU
		{98C849B2-1233-478A-98DD-D0BA4511E66D}.Debug|Any CPU.ActiveCfg = Debug|Any CPU
		{98C849B2-1233-478A-98DD-D0BA4511E66D}.Debug|Any CPU.Build.0 = Debug|Any CPU
		{98C849B2-1233-478A-98DD-D0BA4511E66D}.Debug|x64.ActiveCfg = Debug|Any CPU
		{98C849B2-1233-478A-98DD-D0BA4511E66D}.Debug|x64.Build.0 = Debug|Any CPU
		{98C849B2-1233-478A-98DD-D0BA4511E66D}.Debug|x86.ActiveCfg = Debug|Any CPU
		{98C849B2-1233-478A-98DD-D0BA4511E66D}.Debug|x86.Build.0 = Debug|Any CPU
		{98C849B2-1233-478A-98DD-D0BA4511E66D}.Release|Any CPU.ActiveCfg = Release|Any CPU
		{98C849B2-1233-478A-98DD-D0BA4511E66D}.Release|Any CPU.Build.0 = Release|Any CPU
		{98C849B2-1233-478A-98DD-D0BA4511E66D}.Release|x64.ActiveCfg = Release|Any CPU
		{98C849B2-1233-478A-98DD-D0BA4511E66D}.Release|x64.Build.0 = Release|Any CPU
		{98C849B2-1233-478A-98DD-D0BA4511E66D}.Release|x86.ActiveCfg = Release|Any CPU
		{98C849B2-1233-478A-98DD-D0BA4511E66D}.Release|x86.Build.0 = Release|Any CPU
		{26374021-C989-437E-A5B1-4768EEBF0A1B}.Debug|Any CPU.ActiveCfg = Debug|Any CPU
		{26374021-C989-437E-A5B1-4768EEBF0A1B}.Debug|Any CPU.Build.0 = Debug|Any CPU
		{26374021-C989-437E-A5B1-4768EEBF0A1B}.Debug|x64.ActiveCfg = Debug|Any CPU
		{26374021-C989-437E-A5B1-4768EEBF0A1B}.Debug|x64.Build.0 = Debug|Any CPU
		{26374021-C989-437E-A5B1-4768EEBF0A1B}.Debug|x86.ActiveCfg = Debug|Any CPU
		{26374021-C989-437E-A5B1-4768EEBF0A1B}.Debug|x86.Build.0 = Debug|Any CPU
		{26374021-C989-437E-A5B1-4768EEBF0A1B}.Release|Any CPU.ActiveCfg = Release|Any CPU
		{26374021-C989-437E-A5B1-4768EEBF0A1B}.Release|Any CPU.Build.0 = Release|Any CPU
		{26374021-C989-437E-A5B1-4768EEBF0A1B}.Release|x64.ActiveCfg = Release|Any CPU
		{26374021-C989-437E-A5B1-4768EEBF0A1B}.Release|x64.Build.0 = Release|Any CPU
		{26374021-C989-437E-A5B1-4768EEBF0A1B}.Release|x86.ActiveCfg = Release|Any CPU
		{26374021-C989-437E-A5B1-4768EEBF0A1B}.Release|x86.Build.0 = Release|Any CPU
		{656D2F73-1F98-435D-A169-C2535699D0AA}.Debug|Any CPU.ActiveCfg = Debug|Any CPU
		{656D2F73-1F98-435D-A169-C2535699D0AA}.Debug|Any CPU.Build.0 = Debug|Any CPU
		{656D2F73-1F98-435D-A169-C2535699D0AA}.Debug|x64.ActiveCfg = Debug|Any CPU
		{656D2F73-1F98-435D-A169-C2535699D0AA}.Debug|x64.Build.0 = Debug|Any CPU
		{656D2F73-1F98-435D-A169-C2535699D0AA}.Debug|x86.ActiveCfg = Debug|Any CPU
		{656D2F73-1F98-435D-A169-C2535699D0AA}.Debug|x86.Build.0 = Debug|Any CPU
		{656D2F73-1F98-435D-A169-C2535699D0AA}.Release|Any CPU.ActiveCfg = Release|Any CPU
		{656D2F73-1F98-435D-A169-C2535699D0AA}.Release|Any CPU.Build.0 = Release|Any CPU
		{656D2F73-1F98-435D-A169-C2535699D0AA}.Release|x64.ActiveCfg = Release|Any CPU
		{656D2F73-1F98-435D-A169-C2535699D0AA}.Release|x64.Build.0 = Release|Any CPU
		{656D2F73-1F98-435D-A169-C2535699D0AA}.Release|x86.ActiveCfg = Release|Any CPU
		{656D2F73-1F98-435D-A169-C2535699D0AA}.Release|x86.Build.0 = Release|Any CPU
		{3E1343E1-67E1-41FD-A477-B6CFDF2DB0E8}.Debug|Any CPU.ActiveCfg = Debug|Any CPU
		{3E1343E1-67E1-41FD-A477-B6CFDF2DB0E8}.Debug|Any CPU.Build.0 = Debug|Any CPU
		{3E1343E1-67E1-41FD-A477-B6CFDF2DB0E8}.Debug|x64.ActiveCfg = Debug|Any CPU
		{3E1343E1-67E1-41FD-A477-B6CFDF2DB0E8}.Debug|x64.Build.0 = Debug|Any CPU
		{3E1343E1-67E1-41FD-A477-B6CFDF2DB0E8}.Debug|x86.ActiveCfg = Debug|Any CPU
		{3E1343E1-67E1-41FD-A477-B6CFDF2DB0E8}.Debug|x86.Build.0 = Debug|Any CPU
		{3E1343E1-67E1-41FD-A477-B6CFDF2DB0E8}.Release|Any CPU.ActiveCfg = Release|Any CPU
		{3E1343E1-67E1-41FD-A477-B6CFDF2DB0E8}.Release|Any CPU.Build.0 = Release|Any CPU
		{3E1343E1-67E1-41FD-A477-B6CFDF2DB0E8}.Release|x64.ActiveCfg = Release|Any CPU
		{3E1343E1-67E1-41FD-A477-B6CFDF2DB0E8}.Release|x64.Build.0 = Release|Any CPU
		{3E1343E1-67E1-41FD-A477-B6CFDF2DB0E8}.Release|x86.ActiveCfg = Release|Any CPU
		{3E1343E1-67E1-41FD-A477-B6CFDF2DB0E8}.Release|x86.Build.0 = Release|Any CPU
		{F30383AB-0B73-4368-8AB8-68B0075C55D5}.Debug|Any CPU.ActiveCfg = Debug|Any CPU
		{F30383AB-0B73-4368-8AB8-68B0075C55D5}.Debug|Any CPU.Build.0 = Debug|Any CPU
		{F30383AB-0B73-4368-8AB8-68B0075C55D5}.Debug|x64.ActiveCfg = Debug|Any CPU
		{F30383AB-0B73-4368-8AB8-68B0075C55D5}.Debug|x64.Build.0 = Debug|Any CPU
		{F30383AB-0B73-4368-8AB8-68B0075C55D5}.Debug|x86.ActiveCfg = Debug|Any CPU
		{F30383AB-0B73-4368-8AB8-68B0075C55D5}.Debug|x86.Build.0 = Debug|Any CPU
		{F30383AB-0B73-4368-8AB8-68B0075C55D5}.Release|Any CPU.ActiveCfg = Release|Any CPU
		{F30383AB-0B73-4368-8AB8-68B0075C55D5}.Release|Any CPU.Build.0 = Release|Any CPU
		{F30383AB-0B73-4368-8AB8-68B0075C55D5}.Release|x64.ActiveCfg = Release|Any CPU
		{F30383AB-0B73-4368-8AB8-68B0075C55D5}.Release|x64.Build.0 = Release|Any CPU
		{F30383AB-0B73-4368-8AB8-68B0075C55D5}.Release|x86.ActiveCfg = Release|Any CPU
		{F30383AB-0B73-4368-8AB8-68B0075C55D5}.Release|x86.Build.0 = Release|Any CPU
		{EC3905F0-0E3F-4875-9642-CEB598990294}.Debug|Any CPU.ActiveCfg = Debug|Any CPU
		{EC3905F0-0E3F-4875-9642-CEB598990294}.Debug|Any CPU.Build.0 = Debug|Any CPU
		{EC3905F0-0E3F-4875-9642-CEB598990294}.Debug|x64.ActiveCfg = Debug|Any CPU
		{EC3905F0-0E3F-4875-9642-CEB598990294}.Debug|x64.Build.0 = Debug|Any CPU
		{EC3905F0-0E3F-4875-9642-CEB598990294}.Debug|x86.ActiveCfg = Debug|Any CPU
		{EC3905F0-0E3F-4875-9642-CEB598990294}.Debug|x86.Build.0 = Debug|Any CPU
		{EC3905F0-0E3F-4875-9642-CEB598990294}.Release|Any CPU.ActiveCfg = Release|Any CPU
		{EC3905F0-0E3F-4875-9642-CEB598990294}.Release|Any CPU.Build.0 = Release|Any CPU
		{EC3905F0-0E3F-4875-9642-CEB598990294}.Release|x64.ActiveCfg = Release|Any CPU
		{EC3905F0-0E3F-4875-9642-CEB598990294}.Release|x64.Build.0 = Release|Any CPU
		{EC3905F0-0E3F-4875-9642-CEB598990294}.Release|x86.ActiveCfg = Release|Any CPU
		{EC3905F0-0E3F-4875-9642-CEB598990294}.Release|x86.Build.0 = Release|Any CPU
		{36ABD40A-3512-443D-BACC-063EA55CA613}.Debug|Any CPU.ActiveCfg = Debug|Any CPU
		{36ABD40A-3512-443D-BACC-063EA55CA613}.Debug|Any CPU.Build.0 = Debug|Any CPU
		{36ABD40A-3512-443D-BACC-063EA55CA613}.Debug|x64.ActiveCfg = Debug|Any CPU
		{36ABD40A-3512-443D-BACC-063EA55CA613}.Debug|x64.Build.0 = Debug|Any CPU
		{36ABD40A-3512-443D-BACC-063EA55CA613}.Debug|x86.ActiveCfg = Debug|Any CPU
		{36ABD40A-3512-443D-BACC-063EA55CA613}.Debug|x86.Build.0 = Debug|Any CPU
		{36ABD40A-3512-443D-BACC-063EA55CA613}.Release|Any CPU.ActiveCfg = Release|Any CPU
		{36ABD40A-3512-443D-BACC-063EA55CA613}.Release|Any CPU.Build.0 = Release|Any CPU
		{36ABD40A-3512-443D-BACC-063EA55CA613}.Release|x64.ActiveCfg = Release|Any CPU
		{36ABD40A-3512-443D-BACC-063EA55CA613}.Release|x64.Build.0 = Release|Any CPU
		{36ABD40A-3512-443D-BACC-063EA55CA613}.Release|x86.ActiveCfg = Release|Any CPU
		{36ABD40A-3512-443D-BACC-063EA55CA613}.Release|x86.Build.0 = Release|Any CPU
		{C9C93362-AE72-47CE-AC97-182CBC63FD82}.Debug|Any CPU.ActiveCfg = Debug|Any CPU
		{C9C93362-AE72-47CE-AC97-182CBC63FD82}.Debug|Any CPU.Build.0 = Debug|Any CPU
		{C9C93362-AE72-47CE-AC97-182CBC63FD82}.Debug|x64.ActiveCfg = Debug|Any CPU
		{C9C93362-AE72-47CE-AC97-182CBC63FD82}.Debug|x64.Build.0 = Debug|Any CPU
		{C9C93362-AE72-47CE-AC97-182CBC63FD82}.Debug|x86.ActiveCfg = Debug|Any CPU
		{C9C93362-AE72-47CE-AC97-182CBC63FD82}.Debug|x86.Build.0 = Debug|Any CPU
		{C9C93362-AE72-47CE-AC97-182CBC63FD82}.Release|Any CPU.ActiveCfg = Release|Any CPU
		{C9C93362-AE72-47CE-AC97-182CBC63FD82}.Release|Any CPU.Build.0 = Release|Any CPU
		{C9C93362-AE72-47CE-AC97-182CBC63FD82}.Release|x64.ActiveCfg = Release|Any CPU
		{C9C93362-AE72-47CE-AC97-182CBC63FD82}.Release|x64.Build.0 = Release|Any CPU
		{C9C93362-AE72-47CE-AC97-182CBC63FD82}.Release|x86.ActiveCfg = Release|Any CPU
		{C9C93362-AE72-47CE-AC97-182CBC63FD82}.Release|x86.Build.0 = Release|Any CPU
		{A13AD39B-EC64-43F9-94E6-A66073186FA4}.Debug|Any CPU.ActiveCfg = Debug|Any CPU
		{A13AD39B-EC64-43F9-94E6-A66073186FA4}.Debug|Any CPU.Build.0 = Debug|Any CPU
		{A13AD39B-EC64-43F9-94E6-A66073186FA4}.Debug|x64.ActiveCfg = Debug|Any CPU
		{A13AD39B-EC64-43F9-94E6-A66073186FA4}.Debug|x64.Build.0 = Debug|Any CPU
		{A13AD39B-EC64-43F9-94E6-A66073186FA4}.Debug|x86.ActiveCfg = Debug|Any CPU
		{A13AD39B-EC64-43F9-94E6-A66073186FA4}.Debug|x86.Build.0 = Debug|Any CPU
		{A13AD39B-EC64-43F9-94E6-A66073186FA4}.Release|Any CPU.ActiveCfg = Release|Any CPU
		{A13AD39B-EC64-43F9-94E6-A66073186FA4}.Release|Any CPU.Build.0 = Release|Any CPU
		{A13AD39B-EC64-43F9-94E6-A66073186FA4}.Release|x64.ActiveCfg = Release|Any CPU
		{A13AD39B-EC64-43F9-94E6-A66073186FA4}.Release|x64.Build.0 = Release|Any CPU
		{A13AD39B-EC64-43F9-94E6-A66073186FA4}.Release|x86.ActiveCfg = Release|Any CPU
		{A13AD39B-EC64-43F9-94E6-A66073186FA4}.Release|x86.Build.0 = Release|Any CPU
		{BD948832-DF53-44D6-AFA5-9B042726747B}.Debug|Any CPU.ActiveCfg = Debug|Any CPU
		{BD948832-DF53-44D6-AFA5-9B042726747B}.Debug|Any CPU.Build.0 = Debug|Any CPU
		{BD948832-DF53-44D6-AFA5-9B042726747B}.Debug|x64.ActiveCfg = Debug|Any CPU
		{BD948832-DF53-44D6-AFA5-9B042726747B}.Debug|x64.Build.0 = Debug|Any CPU
		{BD948832-DF53-44D6-AFA5-9B042726747B}.Debug|x86.ActiveCfg = Debug|Any CPU
		{BD948832-DF53-44D6-AFA5-9B042726747B}.Debug|x86.Build.0 = Debug|Any CPU
		{BD948832-DF53-44D6-AFA5-9B042726747B}.Release|Any CPU.ActiveCfg = Release|Any CPU
		{BD948832-DF53-44D6-AFA5-9B042726747B}.Release|Any CPU.Build.0 = Release|Any CPU
		{BD948832-DF53-44D6-AFA5-9B042726747B}.Release|x64.ActiveCfg = Release|Any CPU
		{BD948832-DF53-44D6-AFA5-9B042726747B}.Release|x64.Build.0 = Release|Any CPU
		{BD948832-DF53-44D6-AFA5-9B042726747B}.Release|x86.ActiveCfg = Release|Any CPU
		{BD948832-DF53-44D6-AFA5-9B042726747B}.Release|x86.Build.0 = Release|Any CPU
		{BFE32CAF-6A26-4D6F-94F8-90EF950F45D7}.Debug|Any CPU.ActiveCfg = Debug|Any CPU
		{BFE32CAF-6A26-4D6F-94F8-90EF950F45D7}.Debug|Any CPU.Build.0 = Debug|Any CPU
		{BFE32CAF-6A26-4D6F-94F8-90EF950F45D7}.Debug|x64.ActiveCfg = Debug|Any CPU
		{BFE32CAF-6A26-4D6F-94F8-90EF950F45D7}.Debug|x64.Build.0 = Debug|Any CPU
		{BFE32CAF-6A26-4D6F-94F8-90EF950F45D7}.Debug|x86.ActiveCfg = Debug|Any CPU
		{BFE32CAF-6A26-4D6F-94F8-90EF950F45D7}.Debug|x86.Build.0 = Debug|Any CPU
		{BFE32CAF-6A26-4D6F-94F8-90EF950F45D7}.Release|Any CPU.ActiveCfg = Release|Any CPU
		{BFE32CAF-6A26-4D6F-94F8-90EF950F45D7}.Release|Any CPU.Build.0 = Release|Any CPU
		{BFE32CAF-6A26-4D6F-94F8-90EF950F45D7}.Release|x64.ActiveCfg = Release|Any CPU
		{BFE32CAF-6A26-4D6F-94F8-90EF950F45D7}.Release|x64.Build.0 = Release|Any CPU
		{BFE32CAF-6A26-4D6F-94F8-90EF950F45D7}.Release|x86.ActiveCfg = Release|Any CPU
		{BFE32CAF-6A26-4D6F-94F8-90EF950F45D7}.Release|x86.Build.0 = Release|Any CPU
		{14CE4234-91ED-4EF5-8E71-00D2FCD4E14C}.Debug|Any CPU.ActiveCfg = Debug|Any CPU
		{14CE4234-91ED-4EF5-8E71-00D2FCD4E14C}.Debug|Any CPU.Build.0 = Debug|Any CPU
		{14CE4234-91ED-4EF5-8E71-00D2FCD4E14C}.Debug|x64.ActiveCfg = Debug|Any CPU
		{14CE4234-91ED-4EF5-8E71-00D2FCD4E14C}.Debug|x64.Build.0 = Debug|Any CPU
		{14CE4234-91ED-4EF5-8E71-00D2FCD4E14C}.Debug|x86.ActiveCfg = Debug|Any CPU
		{14CE4234-91ED-4EF5-8E71-00D2FCD4E14C}.Debug|x86.Build.0 = Debug|Any CPU
		{14CE4234-91ED-4EF5-8E71-00D2FCD4E14C}.Release|Any CPU.ActiveCfg = Release|Any CPU
		{14CE4234-91ED-4EF5-8E71-00D2FCD4E14C}.Release|Any CPU.Build.0 = Release|Any CPU
		{14CE4234-91ED-4EF5-8E71-00D2FCD4E14C}.Release|x64.ActiveCfg = Release|Any CPU
		{14CE4234-91ED-4EF5-8E71-00D2FCD4E14C}.Release|x64.Build.0 = Release|Any CPU
		{14CE4234-91ED-4EF5-8E71-00D2FCD4E14C}.Release|x86.ActiveCfg = Release|Any CPU
		{14CE4234-91ED-4EF5-8E71-00D2FCD4E14C}.Release|x86.Build.0 = Release|Any CPU
		{606C1E94-8626-491B-B7AA-7BF7F5BAB763}.Debug|Any CPU.ActiveCfg = Debug|Any CPU
		{606C1E94-8626-491B-B7AA-7BF7F5BAB763}.Debug|Any CPU.Build.0 = Debug|Any CPU
		{606C1E94-8626-491B-B7AA-7BF7F5BAB763}.Debug|x64.ActiveCfg = Debug|Any CPU
		{606C1E94-8626-491B-B7AA-7BF7F5BAB763}.Debug|x64.Build.0 = Debug|Any CPU
		{606C1E94-8626-491B-B7AA-7BF7F5BAB763}.Debug|x86.ActiveCfg = Debug|Any CPU
		{606C1E94-8626-491B-B7AA-7BF7F5BAB763}.Debug|x86.Build.0 = Debug|Any CPU
		{606C1E94-8626-491B-B7AA-7BF7F5BAB763}.Release|Any CPU.ActiveCfg = Release|Any CPU
		{606C1E94-8626-491B-B7AA-7BF7F5BAB763}.Release|Any CPU.Build.0 = Release|Any CPU
		{606C1E94-8626-491B-B7AA-7BF7F5BAB763}.Release|x64.ActiveCfg = Release|Any CPU
		{606C1E94-8626-491B-B7AA-7BF7F5BAB763}.Release|x64.Build.0 = Release|Any CPU
		{606C1E94-8626-491B-B7AA-7BF7F5BAB763}.Release|x86.ActiveCfg = Release|Any CPU
		{606C1E94-8626-491B-B7AA-7BF7F5BAB763}.Release|x86.Build.0 = Release|Any CPU
		{B8ABAA9D-B6E5-46CA-BFB7-BBD869279A36}.Debug|Any CPU.ActiveCfg = Debug|Any CPU
		{B8ABAA9D-B6E5-46CA-BFB7-BBD869279A36}.Debug|Any CPU.Build.0 = Debug|Any CPU
		{B8ABAA9D-B6E5-46CA-BFB7-BBD869279A36}.Debug|x64.ActiveCfg = Debug|Any CPU
		{B8ABAA9D-B6E5-46CA-BFB7-BBD869279A36}.Debug|x64.Build.0 = Debug|Any CPU
		{B8ABAA9D-B6E5-46CA-BFB7-BBD869279A36}.Debug|x86.ActiveCfg = Debug|Any CPU
		{B8ABAA9D-B6E5-46CA-BFB7-BBD869279A36}.Debug|x86.Build.0 = Debug|Any CPU
		{B8ABAA9D-B6E5-46CA-BFB7-BBD869279A36}.Release|Any CPU.ActiveCfg = Release|Any CPU
		{B8ABAA9D-B6E5-46CA-BFB7-BBD869279A36}.Release|Any CPU.Build.0 = Release|Any CPU
		{B8ABAA9D-B6E5-46CA-BFB7-BBD869279A36}.Release|x64.ActiveCfg = Release|Any CPU
		{B8ABAA9D-B6E5-46CA-BFB7-BBD869279A36}.Release|x64.Build.0 = Release|Any CPU
		{B8ABAA9D-B6E5-46CA-BFB7-BBD869279A36}.Release|x86.ActiveCfg = Release|Any CPU
		{B8ABAA9D-B6E5-46CA-BFB7-BBD869279A36}.Release|x86.Build.0 = Release|Any CPU
		{FBAA8EA8-BAE0-4622-BB52-C04E1EFC7094}.Debug|Any CPU.ActiveCfg = Debug|Any CPU
		{FBAA8EA8-BAE0-4622-BB52-C04E1EFC7094}.Debug|Any CPU.Build.0 = Debug|Any CPU
		{FBAA8EA8-BAE0-4622-BB52-C04E1EFC7094}.Debug|x64.ActiveCfg = Debug|Any CPU
		{FBAA8EA8-BAE0-4622-BB52-C04E1EFC7094}.Debug|x64.Build.0 = Debug|Any CPU
		{FBAA8EA8-BAE0-4622-BB52-C04E1EFC7094}.Debug|x86.ActiveCfg = Debug|Any CPU
		{FBAA8EA8-BAE0-4622-BB52-C04E1EFC7094}.Debug|x86.Build.0 = Debug|Any CPU
		{FBAA8EA8-BAE0-4622-BB52-C04E1EFC7094}.Release|Any CPU.ActiveCfg = Release|Any CPU
		{FBAA8EA8-BAE0-4622-BB52-C04E1EFC7094}.Release|Any CPU.Build.0 = Release|Any CPU
		{FBAA8EA8-BAE0-4622-BB52-C04E1EFC7094}.Release|x64.ActiveCfg = Release|Any CPU
		{FBAA8EA8-BAE0-4622-BB52-C04E1EFC7094}.Release|x64.Build.0 = Release|Any CPU
		{FBAA8EA8-BAE0-4622-BB52-C04E1EFC7094}.Release|x86.ActiveCfg = Release|Any CPU
		{FBAA8EA8-BAE0-4622-BB52-C04E1EFC7094}.Release|x86.Build.0 = Release|Any CPU
		{D5D5DBE9-D98C-41BC-9916-FD87BACA43CA}.Debug|Any CPU.ActiveCfg = Debug|Any CPU
		{D5D5DBE9-D98C-41BC-9916-FD87BACA43CA}.Debug|Any CPU.Build.0 = Debug|Any CPU
		{D5D5DBE9-D98C-41BC-9916-FD87BACA43CA}.Debug|x64.ActiveCfg = Debug|Any CPU
		{D5D5DBE9-D98C-41BC-9916-FD87BACA43CA}.Debug|x64.Build.0 = Debug|Any CPU
		{D5D5DBE9-D98C-41BC-9916-FD87BACA43CA}.Debug|x86.ActiveCfg = Debug|Any CPU
		{D5D5DBE9-D98C-41BC-9916-FD87BACA43CA}.Debug|x86.Build.0 = Debug|Any CPU
		{D5D5DBE9-D98C-41BC-9916-FD87BACA43CA}.Release|Any CPU.ActiveCfg = Release|Any CPU
		{D5D5DBE9-D98C-41BC-9916-FD87BACA43CA}.Release|Any CPU.Build.0 = Release|Any CPU
		{D5D5DBE9-D98C-41BC-9916-FD87BACA43CA}.Release|x64.ActiveCfg = Release|Any CPU
		{D5D5DBE9-D98C-41BC-9916-FD87BACA43CA}.Release|x64.Build.0 = Release|Any CPU
		{D5D5DBE9-D98C-41BC-9916-FD87BACA43CA}.Release|x86.ActiveCfg = Release|Any CPU
		{D5D5DBE9-D98C-41BC-9916-FD87BACA43CA}.Release|x86.Build.0 = Release|Any CPU
		{0A16BF3C-AAE4-4673-BA3C-91B91435CD2B}.Debug|Any CPU.ActiveCfg = Debug|Any CPU
		{0A16BF3C-AAE4-4673-BA3C-91B91435CD2B}.Debug|Any CPU.Build.0 = Debug|Any CPU
		{0A16BF3C-AAE4-4673-BA3C-91B91435CD2B}.Debug|x64.ActiveCfg = Debug|Any CPU
		{0A16BF3C-AAE4-4673-BA3C-91B91435CD2B}.Debug|x64.Build.0 = Debug|Any CPU
		{0A16BF3C-AAE4-4673-BA3C-91B91435CD2B}.Debug|x86.ActiveCfg = Debug|Any CPU
		{0A16BF3C-AAE4-4673-BA3C-91B91435CD2B}.Debug|x86.Build.0 = Debug|Any CPU
		{0A16BF3C-AAE4-4673-BA3C-91B91435CD2B}.Release|Any CPU.ActiveCfg = Release|Any CPU
		{0A16BF3C-AAE4-4673-BA3C-91B91435CD2B}.Release|Any CPU.Build.0 = Release|Any CPU
		{0A16BF3C-AAE4-4673-BA3C-91B91435CD2B}.Release|x64.ActiveCfg = Release|Any CPU
		{0A16BF3C-AAE4-4673-BA3C-91B91435CD2B}.Release|x64.Build.0 = Release|Any CPU
		{0A16BF3C-AAE4-4673-BA3C-91B91435CD2B}.Release|x86.ActiveCfg = Release|Any CPU
		{0A16BF3C-AAE4-4673-BA3C-91B91435CD2B}.Release|x86.Build.0 = Release|Any CPU
		{ECDDFDF8-EAF2-4E39-B9AD-0A89322FBD0F}.Debug|Any CPU.ActiveCfg = Debug|Any CPU
		{ECDDFDF8-EAF2-4E39-B9AD-0A89322FBD0F}.Debug|Any CPU.Build.0 = Debug|Any CPU
		{ECDDFDF8-EAF2-4E39-B9AD-0A89322FBD0F}.Debug|x64.ActiveCfg = Debug|Any CPU
		{ECDDFDF8-EAF2-4E39-B9AD-0A89322FBD0F}.Debug|x64.Build.0 = Debug|Any CPU
		{ECDDFDF8-EAF2-4E39-B9AD-0A89322FBD0F}.Debug|x86.ActiveCfg = Debug|Any CPU
		{ECDDFDF8-EAF2-4E39-B9AD-0A89322FBD0F}.Debug|x86.Build.0 = Debug|Any CPU
		{ECDDFDF8-EAF2-4E39-B9AD-0A89322FBD0F}.Release|Any CPU.ActiveCfg = Release|Any CPU
		{ECDDFDF8-EAF2-4E39-B9AD-0A89322FBD0F}.Release|Any CPU.Build.0 = Release|Any CPU
		{ECDDFDF8-EAF2-4E39-B9AD-0A89322FBD0F}.Release|x64.ActiveCfg = Release|Any CPU
		{ECDDFDF8-EAF2-4E39-B9AD-0A89322FBD0F}.Release|x64.Build.0 = Release|Any CPU
		{ECDDFDF8-EAF2-4E39-B9AD-0A89322FBD0F}.Release|x86.ActiveCfg = Release|Any CPU
		{ECDDFDF8-EAF2-4E39-B9AD-0A89322FBD0F}.Release|x86.Build.0 = Release|Any CPU
		{F9152053-D805-43CB-8EDF-14C6B1E5231D}.Debug|Any CPU.ActiveCfg = Debug|Any CPU
		{F9152053-D805-43CB-8EDF-14C6B1E5231D}.Debug|Any CPU.Build.0 = Debug|Any CPU
		{F9152053-D805-43CB-8EDF-14C6B1E5231D}.Debug|x64.ActiveCfg = Debug|Any CPU
		{F9152053-D805-43CB-8EDF-14C6B1E5231D}.Debug|x64.Build.0 = Debug|Any CPU
		{F9152053-D805-43CB-8EDF-14C6B1E5231D}.Debug|x86.ActiveCfg = Debug|Any CPU
		{F9152053-D805-43CB-8EDF-14C6B1E5231D}.Debug|x86.Build.0 = Debug|Any CPU
		{F9152053-D805-43CB-8EDF-14C6B1E5231D}.Release|Any CPU.ActiveCfg = Release|Any CPU
		{F9152053-D805-43CB-8EDF-14C6B1E5231D}.Release|Any CPU.Build.0 = Release|Any CPU
		{F9152053-D805-43CB-8EDF-14C6B1E5231D}.Release|x64.ActiveCfg = Release|Any CPU
		{F9152053-D805-43CB-8EDF-14C6B1E5231D}.Release|x64.Build.0 = Release|Any CPU
		{F9152053-D805-43CB-8EDF-14C6B1E5231D}.Release|x86.ActiveCfg = Release|Any CPU
		{F9152053-D805-43CB-8EDF-14C6B1E5231D}.Release|x86.Build.0 = Release|Any CPU
		{5B5A733B-3D80-480C-9ECC-FA28E8E3AAE4}.Debug|Any CPU.ActiveCfg = Debug|Any CPU
		{5B5A733B-3D80-480C-9ECC-FA28E8E3AAE4}.Debug|Any CPU.Build.0 = Debug|Any CPU
		{5B5A733B-3D80-480C-9ECC-FA28E8E3AAE4}.Debug|x64.ActiveCfg = Debug|Any CPU
		{5B5A733B-3D80-480C-9ECC-FA28E8E3AAE4}.Debug|x64.Build.0 = Debug|Any CPU
		{5B5A733B-3D80-480C-9ECC-FA28E8E3AAE4}.Debug|x86.ActiveCfg = Debug|Any CPU
		{5B5A733B-3D80-480C-9ECC-FA28E8E3AAE4}.Debug|x86.Build.0 = Debug|Any CPU
		{5B5A733B-3D80-480C-9ECC-FA28E8E3AAE4}.Release|Any CPU.ActiveCfg = Release|Any CPU
		{5B5A733B-3D80-480C-9ECC-FA28E8E3AAE4}.Release|Any CPU.Build.0 = Release|Any CPU
		{5B5A733B-3D80-480C-9ECC-FA28E8E3AAE4}.Release|x64.ActiveCfg = Release|Any CPU
		{5B5A733B-3D80-480C-9ECC-FA28E8E3AAE4}.Release|x64.Build.0 = Release|Any CPU
		{5B5A733B-3D80-480C-9ECC-FA28E8E3AAE4}.Release|x86.ActiveCfg = Release|Any CPU
		{5B5A733B-3D80-480C-9ECC-FA28E8E3AAE4}.Release|x86.Build.0 = Release|Any CPU
		{DF7E54BB-998E-4066-A78F-36C8B80381C5}.Debug|Any CPU.ActiveCfg = Debug|Any CPU
		{DF7E54BB-998E-4066-A78F-36C8B80381C5}.Debug|Any CPU.Build.0 = Debug|Any CPU
		{DF7E54BB-998E-4066-A78F-36C8B80381C5}.Debug|x64.ActiveCfg = Debug|Any CPU
		{DF7E54BB-998E-4066-A78F-36C8B80381C5}.Debug|x64.Build.0 = Debug|Any CPU
		{DF7E54BB-998E-4066-A78F-36C8B80381C5}.Debug|x86.ActiveCfg = Debug|Any CPU
		{DF7E54BB-998E-4066-A78F-36C8B80381C5}.Debug|x86.Build.0 = Debug|Any CPU
		{DF7E54BB-998E-4066-A78F-36C8B80381C5}.Release|Any CPU.ActiveCfg = Release|Any CPU
		{DF7E54BB-998E-4066-A78F-36C8B80381C5}.Release|Any CPU.Build.0 = Release|Any CPU
		{DF7E54BB-998E-4066-A78F-36C8B80381C5}.Release|x64.ActiveCfg = Release|Any CPU
		{DF7E54BB-998E-4066-A78F-36C8B80381C5}.Release|x64.Build.0 = Release|Any CPU
		{DF7E54BB-998E-4066-A78F-36C8B80381C5}.Release|x86.ActiveCfg = Release|Any CPU
		{DF7E54BB-998E-4066-A78F-36C8B80381C5}.Release|x86.Build.0 = Release|Any CPU
		{6AE53D86-469A-49F6-BE89-7BB4AA43C9D1}.Debug|Any CPU.ActiveCfg = Debug|Any CPU
		{6AE53D86-469A-49F6-BE89-7BB4AA43C9D1}.Debug|Any CPU.Build.0 = Debug|Any CPU
		{6AE53D86-469A-49F6-BE89-7BB4AA43C9D1}.Debug|x64.ActiveCfg = Debug|Any CPU
		{6AE53D86-469A-49F6-BE89-7BB4AA43C9D1}.Debug|x64.Build.0 = Debug|Any CPU
		{6AE53D86-469A-49F6-BE89-7BB4AA43C9D1}.Debug|x86.ActiveCfg = Debug|Any CPU
		{6AE53D86-469A-49F6-BE89-7BB4AA43C9D1}.Debug|x86.Build.0 = Debug|Any CPU
		{6AE53D86-469A-49F6-BE89-7BB4AA43C9D1}.Release|Any CPU.ActiveCfg = Release|Any CPU
		{6AE53D86-469A-49F6-BE89-7BB4AA43C9D1}.Release|Any CPU.Build.0 = Release|Any CPU
		{6AE53D86-469A-49F6-BE89-7BB4AA43C9D1}.Release|x64.ActiveCfg = Release|Any CPU
		{6AE53D86-469A-49F6-BE89-7BB4AA43C9D1}.Release|x64.Build.0 = Release|Any CPU
		{6AE53D86-469A-49F6-BE89-7BB4AA43C9D1}.Release|x86.ActiveCfg = Release|Any CPU
		{6AE53D86-469A-49F6-BE89-7BB4AA43C9D1}.Release|x86.Build.0 = Release|Any CPU
		{E4D43778-A00E-48F7-A68A-F776D062F1A6}.Debug|Any CPU.ActiveCfg = Debug|Any CPU
		{E4D43778-A00E-48F7-A68A-F776D062F1A6}.Debug|Any CPU.Build.0 = Debug|Any CPU
		{E4D43778-A00E-48F7-A68A-F776D062F1A6}.Debug|x64.ActiveCfg = Debug|Any CPU
		{E4D43778-A00E-48F7-A68A-F776D062F1A6}.Debug|x64.Build.0 = Debug|Any CPU
		{E4D43778-A00E-48F7-A68A-F776D062F1A6}.Debug|x86.ActiveCfg = Debug|Any CPU
		{E4D43778-A00E-48F7-A68A-F776D062F1A6}.Debug|x86.Build.0 = Debug|Any CPU
		{E4D43778-A00E-48F7-A68A-F776D062F1A6}.Release|Any CPU.ActiveCfg = Release|Any CPU
		{E4D43778-A00E-48F7-A68A-F776D062F1A6}.Release|Any CPU.Build.0 = Release|Any CPU
		{E4D43778-A00E-48F7-A68A-F776D062F1A6}.Release|x64.ActiveCfg = Release|Any CPU
		{E4D43778-A00E-48F7-A68A-F776D062F1A6}.Release|x64.Build.0 = Release|Any CPU
		{E4D43778-A00E-48F7-A68A-F776D062F1A6}.Release|x86.ActiveCfg = Release|Any CPU
		{E4D43778-A00E-48F7-A68A-F776D062F1A6}.Release|x86.Build.0 = Release|Any CPU
	EndGlobalSection
	GlobalSection(SolutionProperties) = preSolution
		HideSolutionNode = FALSE
	EndGlobalSection
	GlobalSection(NestedProjects) = preSolution
		{DFC5FBDD-6341-4EF0-A30A-618E39141C6A} = {3DBD99A1-DDE0-4663-8FBA-C5F0BB357E1E}
		{98C849B2-1233-478A-98DD-D0BA4511E66D} = {3DBD99A1-DDE0-4663-8FBA-C5F0BB357E1E}
		{26374021-C989-437E-A5B1-4768EEBF0A1B} = {A57D711E-0B7C-46BC-878F-405D927C3976}
		{656D2F73-1F98-435D-A169-C2535699D0AA} = {3DBD99A1-DDE0-4663-8FBA-C5F0BB357E1E}
		{3E1343E1-67E1-41FD-A477-B6CFDF2DB0E8} = {3DBD99A1-DDE0-4663-8FBA-C5F0BB357E1E}
		{F30383AB-0B73-4368-8AB8-68B0075C55D5} = {A57D711E-0B7C-46BC-878F-405D927C3976}
		{EC3905F0-0E3F-4875-9642-CEB598990294} = {3DBD99A1-DDE0-4663-8FBA-C5F0BB357E1E}
		{36ABD40A-3512-443D-BACC-063EA55CA613} = {A57D711E-0B7C-46BC-878F-405D927C3976}
		{C9C93362-AE72-47CE-AC97-182CBC63FD82} = {3DBD99A1-DDE0-4663-8FBA-C5F0BB357E1E}
		{A13AD39B-EC64-43F9-94E6-A66073186FA4} = {3DBD99A1-DDE0-4663-8FBA-C5F0BB357E1E}
		{BD948832-DF53-44D6-AFA5-9B042726747B} = {A57D711E-0B7C-46BC-878F-405D927C3976}
		{BFE32CAF-6A26-4D6F-94F8-90EF950F45D7} = {5D20AA90-6969-D8BD-9DCD-8634F4692FDA}
		{14CE4234-91ED-4EF5-8E71-00D2FCD4E14C} = {3DBD99A1-DDE0-4663-8FBA-C5F0BB357E1E}
		{606C1E94-8626-491B-B7AA-7BF7F5BAB763} = {A57D711E-0B7C-46BC-878F-405D927C3976}
		{B8ABAA9D-B6E5-46CA-BFB7-BBD869279A36} = {3DBD99A1-DDE0-4663-8FBA-C5F0BB357E1E}
		{FBAA8EA8-BAE0-4622-BB52-C04E1EFC7094} = {A57D711E-0B7C-46BC-878F-405D927C3976}
		{D5D5DBE9-D98C-41BC-9916-FD87BACA43CA} = {3DBD99A1-DDE0-4663-8FBA-C5F0BB357E1E}
		{0A16BF3C-AAE4-4673-BA3C-91B91435CD2B} = {A57D711E-0B7C-46BC-878F-405D927C3976}
		{ECDDFDF8-EAF2-4E39-B9AD-0A89322FBD0F} = {5D20AA90-6969-D8BD-9DCD-8634F4692FDA}
		{F9152053-D805-43CB-8EDF-14C6B1E5231D} = {3DBD99A1-DDE0-4663-8FBA-C5F0BB357E1E}
		{5B5A733B-3D80-480C-9ECC-FA28E8E3AAE4} = {A57D711E-0B7C-46BC-878F-405D927C3976}
		{DF7E54BB-998E-4066-A78F-36C8B80381C5} = {5D20AA90-6969-D8BD-9DCD-8634F4692FDA}
		{6AE53D86-469A-49F6-BE89-7BB4AA43C9D1} = {3DBD99A1-DDE0-4663-8FBA-C5F0BB357E1E}
		{E4D43778-A00E-48F7-A68A-F776D062F1A6} = {A57D711E-0B7C-46BC-878F-405D927C3976}
	EndGlobalSection
EndGlobal
